
Microsoft Visual Studio Solution File, Format Version 12.00
# Visual Studio 14
VisualStudioVersion = 14.0.24720.0
MinimumVisualStudioVersion = 10.0.40219.1
Project("{FAE04EC0-301F-11D3-BF4B-00C04F79EFBC}") = "OldUltron", "OldUltron\OldUltron.csproj", "{399A703A-9FB3-4945-8EF5-CDB1E85C885D}"
EndProject
Global
	GlobalSection(SolutionConfigurationPlatforms) = preSolution
		Debug|Any CPU = Debug|Any CPU
		Release|Any CPU = Release|Any CPU
	EndGlobalSection
	GlobalSection(ProjectConfigurationPlatforms) = postSolution
		{399A703A-9FB3-4945-8EF5-CDB1E85C885D}.Debug|Any CPU.ActiveCfg = Debug|Any CPU
		{399A703A-9FB3-4945-8EF5-CDB1E85C885D}.Debug|Any CPU.Build.0 = Debug|Any CPU
		{399A703A-9FB3-4945-8EF5-CDB1E85C885D}.Release|Any CPU.ActiveCfg = Release|Any CPU
		{399A703A-9FB3-4945-8EF5-CDB1E85C885D}.Release|Any CPU.Build.0 = Release|Any CPU
	EndGlobalSection
	GlobalSection(SolutionProperties) = preSolution
		HideSolutionNode = FALSE
	EndGlobalSection
EndGlobal
